// !$*UTF8*$!
{
	archiveVersion = 1;
	classes = {
	};
	objectVersion = 55;
	objects = {

/* Begin PBXBuildFile section */
		2238FED0279791F200B165AD /* BarCharValueFormatter.swift in Sources */ = {isa = PBXBuildFile; fileRef = 2238FECF279791F200B165AD /* BarCharValueFormatter.swift */; };
		2238FED227979E4400B165AD /* BarChartXAxisFormatter.swift in Sources */ = {isa = PBXBuildFile; fileRef = 2238FED127979E4400B165AD /* BarChartXAxisFormatter.swift */; };
		2238FED42797BA5B00B165AD /* StatBarChart.swift in Sources */ = {isa = PBXBuildFile; fileRef = 2238FED32797BA5B00B165AD /* StatBarChart.swift */; };
		2289655E2772D4CE002CC2DE /* PokemonViewController.swift in Sources */ = {isa = PBXBuildFile; fileRef = 2289655D2772D4CE002CC2DE /* PokemonViewController.swift */; };
		228965602772E2EA002CC2DE /* PokemonStrategy.swift in Sources */ = {isa = PBXBuildFile; fileRef = 2289655F2772E2EA002CC2DE /* PokemonStrategy.swift */; };
		229724A227705BA8002B050D /* Charts in Frameworks */ = {isa = PBXBuildFile; productRef = 229724A127705BA8002B050D /* Charts */; };
		229724CF27727410002B050D /* StrategyViewController.swift in Sources */ = {isa = PBXBuildFile; fileRef = 229724CE27727410002B050D /* StrategyViewController.swift */; };
		229D6E5A276C0CED00583DB5 /* AppDelegate.swift in Sources */ = {isa = PBXBuildFile; fileRef = 229D6E59276C0CED00583DB5 /* AppDelegate.swift */; };
		229D6E5C276C0CED00583DB5 /* SceneDelegate.swift in Sources */ = {isa = PBXBuildFile; fileRef = 229D6E5B276C0CED00583DB5 /* SceneDelegate.swift */; };
		229D6E5E276C0CED00583DB5 /* ViewController.swift in Sources */ = {isa = PBXBuildFile; fileRef = 229D6E5D276C0CED00583DB5 /* ViewController.swift */; };
		229D6E61276C0CED00583DB5 /* Main.storyboard in Resources */ = {isa = PBXBuildFile; fileRef = 229D6E5F276C0CED00583DB5 /* Main.storyboard */; };
		229D6E63276C0CEE00583DB5 /* Assets.xcassets in Resources */ = {isa = PBXBuildFile; fileRef = 229D6E62276C0CEE00583DB5 /* Assets.xcassets */; };
		229D6E66276C0CEE00583DB5 /* LaunchScreen.storyboard in Resources */ = {isa = PBXBuildFile; fileRef = 229D6E64276C0CEE00583DB5 /* LaunchScreen.storyboard */; };
		229D6E72276C120600583DB5 /* Types.swift in Sources */ = {isa = PBXBuildFile; fileRef = 229D6E71276C120600583DB5 /* Types.swift */; };
		229D6E7A276C136A00583DB5 /* Pokemon.swift in Sources */ = {isa = PBXBuildFile; fileRef = 229D6E79276C136A00583DB5 /* Pokemon.swift */; };
		229D6E7C276C2BA900583DB5 /* DetailViewController.swift in Sources */ = {isa = PBXBuildFile; fileRef = 229D6E7B276C2BA900583DB5 /* DetailViewController.swift */; };
		22DF69BB2795DEF300544587 /* NetworkManager.swift in Sources */ = {isa = PBXBuildFile; fileRef = 22DF69BA2795DEF300544587 /* NetworkManager.swift */; };
		22DF69BE2795E92F00544587 /* PokemonViewModel.swift in Sources */ = {isa = PBXBuildFile; fileRef = 22DF69BD2795E92F00544587 /* PokemonViewModel.swift */; };
		22DF69C02795F14900544587 /* Box.swift in Sources */ = {isa = PBXBuildFile; fileRef = 22DF69BF2795F14900544587 /* Box.swift */; };
		22DF69C22795F74600544587 /* TypeViewModel.swift in Sources */ = {isa = PBXBuildFile; fileRef = 22DF69C12795F74600544587 /* TypeViewModel.swift */; };
		22EDB9262770011D00A0C1F0 /* ColorKit in Frameworks */ = {isa = PBXBuildFile; productRef = 22EDB9252770011D00A0C1F0 /* ColorKit */; };
		22FC651D276C600800A7A526 /* TypesViewController.swift in Sources */ = {isa = PBXBuildFile; fileRef = 22FC651C276C600800A7A526 /* TypesViewController.swift */; };
/* End PBXBuildFile section */

/* Begin PBXFileReference section */
		2238FECF279791F200B165AD /* BarCharValueFormatter.swift */ = {isa = PBXFileReference; lastKnownFileType = sourcecode.swift; path = BarCharValueFormatter.swift; sourceTree = "<group>"; };
		2238FED127979E4400B165AD /* BarChartXAxisFormatter.swift */ = {isa = PBXFileReference; lastKnownFileType = sourcecode.swift; path = BarChartXAxisFormatter.swift; sourceTree = "<group>"; };
		2238FED32797BA5B00B165AD /* StatBarChart.swift */ = {isa = PBXFileReference; lastKnownFileType = sourcecode.swift; path = StatBarChart.swift; sourceTree = "<group>"; };
		2289655D2772D4CE002CC2DE /* PokemonViewController.swift */ = {isa = PBXFileReference; lastKnownFileType = sourcecode.swift; path = PokemonViewController.swift; sourceTree = "<group>"; };
		2289655F2772E2EA002CC2DE /* PokemonStrategy.swift */ = {isa = PBXFileReference; lastKnownFileType = sourcecode.swift; path = PokemonStrategy.swift; sourceTree = "<group>"; };
		229724CE27727410002B050D /* StrategyViewController.swift */ = {isa = PBXFileReference; lastKnownFileType = sourcecode.swift; path = StrategyViewController.swift; sourceTree = "<group>"; };
		229D6E56276C0CED00583DB5 /* Pokemon Assistant.app */ = {isa = PBXFileReference; explicitFileType = wrapper.application; includeInIndex = 0; path = "Pokemon Assistant.app"; sourceTree = BUILT_PRODUCTS_DIR; };
		229D6E59276C0CED00583DB5 /* AppDelegate.swift */ = {isa = PBXFileReference; lastKnownFileType = sourcecode.swift; path = AppDelegate.swift; sourceTree = "<group>"; };
		229D6E5B276C0CED00583DB5 /* SceneDelegate.swift */ = {isa = PBXFileReference; lastKnownFileType = sourcecode.swift; path = SceneDelegate.swift; sourceTree = "<group>"; };
		229D6E5D276C0CED00583DB5 /* ViewController.swift */ = {isa = PBXFileReference; lastKnownFileType = sourcecode.swift; path = ViewController.swift; sourceTree = "<group>"; };
		229D6E60276C0CED00583DB5 /* Base */ = {isa = PBXFileReference; lastKnownFileType = file.storyboard; name = Base; path = Base.lproj/Main.storyboard; sourceTree = "<group>"; };
		229D6E62276C0CEE00583DB5 /* Assets.xcassets */ = {isa = PBXFileReference; lastKnownFileType = folder.assetcatalog; path = Assets.xcassets; sourceTree = "<group>"; };
		229D6E65276C0CEE00583DB5 /* Base */ = {isa = PBXFileReference; lastKnownFileType = file.storyboard; name = Base; path = Base.lproj/LaunchScreen.storyboard; sourceTree = "<group>"; };
		229D6E67276C0CEE00583DB5 /* Info.plist */ = {isa = PBXFileReference; lastKnownFileType = text.plist.xml; path = Info.plist; sourceTree = "<group>"; };
		229D6E71276C120600583DB5 /* Types.swift */ = {isa = PBXFileReference; lastKnownFileType = sourcecode.swift; path = Types.swift; sourceTree = "<group>"; };
		229D6E79276C136A00583DB5 /* Pokemon.swift */ = {isa = PBXFileReference; lastKnownFileType = sourcecode.swift; path = Pokemon.swift; sourceTree = "<group>"; };
		229D6E7B276C2BA900583DB5 /* DetailViewController.swift */ = {isa = PBXFileReference; lastKnownFileType = sourcecode.swift; path = DetailViewController.swift; sourceTree = "<group>"; };
		22DF69BA2795DEF300544587 /* NetworkManager.swift */ = {isa = PBXFileReference; lastKnownFileType = sourcecode.swift; path = NetworkManager.swift; sourceTree = "<group>"; };
		22DF69BD2795E92F00544587 /* PokemonViewModel.swift */ = {isa = PBXFileReference; lastKnownFileType = sourcecode.swift; path = PokemonViewModel.swift; sourceTree = "<group>"; };
		22DF69BF2795F14900544587 /* Box.swift */ = {isa = PBXFileReference; lastKnownFileType = sourcecode.swift; path = Box.swift; sourceTree = "<group>"; };
		22DF69C12795F74600544587 /* TypeViewModel.swift */ = {isa = PBXFileReference; lastKnownFileType = sourcecode.swift; path = TypeViewModel.swift; sourceTree = "<group>"; };
		22EDB920276FEC4400A0C1F0 /* Readme.md */ = {isa = PBXFileReference; lastKnownFileType = net.daringfireball.markdown; path = Readme.md; sourceTree = "<group>"; };
		22FC651C276C600800A7A526 /* TypesViewController.swift */ = {isa = PBXFileReference; lastKnownFileType = sourcecode.swift; path = TypesViewController.swift; sourceTree = "<group>"; };
/* End PBXFileReference section */

/* Begin PBXFrameworksBuildPhase section */
		229D6E53276C0CED00583DB5 /* Frameworks */ = {
			isa = PBXFrameworksBuildPhase;
			buildActionMask = 2147483647;
			files = (
				22EDB9262770011D00A0C1F0 /* ColorKit in Frameworks */,
				229724A227705BA8002B050D /* Charts in Frameworks */,
			);
			runOnlyForDeploymentPostprocessing = 0;
		};
/* End PBXFrameworksBuildPhase section */

/* Begin PBXGroup section */
		2238FECA27977DF500B165AD /* Views */ = {
			isa = PBXGroup;
			children = (
				229D6E5F276C0CED00583DB5 /* Main.storyboard */,
				229D6E64276C0CEE00583DB5 /* LaunchScreen.storyboard */,
				2238FED32797BA5B00B165AD /* StatBarChart.swift */,
			);
			path = Views;
			sourceTree = "<group>";
		};
		229D6E4D276C0CED00583DB5 = {
			isa = PBXGroup;
			children = (
				22EDB920276FEC4400A0C1F0 /* Readme.md */,
				229D6E58276C0CED00583DB5 /* Pokemon Assistant */,
				229D6E57276C0CED00583DB5 /* Products */,
			);
			sourceTree = "<group>";
		};
		229D6E57276C0CED00583DB5 /* Products */ = {
			isa = PBXGroup;
			children = (
				229D6E56276C0CED00583DB5 /* Pokemon Assistant.app */,
			);
			name = Products;
			sourceTree = "<group>";
		};
		229D6E58276C0CED00583DB5 /* Pokemon Assistant */ = {
			isa = PBXGroup;
			children = (
				229D6E59276C0CED00583DB5 /* AppDelegate.swift */,
				229D6E5B276C0CED00583DB5 /* SceneDelegate.swift */,
				22DF69BC2795E92300544587 /* ViewModels */,
				22DF69B92795DEDE00544587 /* Services */,
				22D97EA2276DA56D0029F2B9 /* Models */,
				22D97EA3276DA57E0029F2B9 /* Controllers */,
				2238FECA27977DF500B165AD /* Views */,
				229D6E62276C0CEE00583DB5 /* Assets.xcassets */,
				229D6E67276C0CEE00583DB5 /* Info.plist */,
			);
			path = "Pokemon Assistant";
			sourceTree = "<group>";
		};
		22D97EA2276DA56D0029F2B9 /* Models */ = {
			isa = PBXGroup;
			children = (
				229D6E79276C136A00583DB5 /* Pokemon.swift */,
				229D6E71276C120600583DB5 /* Types.swift */,
				2289655F2772E2EA002CC2DE /* PokemonStrategy.swift */,
			);
			path = Models;
			sourceTree = "<group>";
		};
		22D97EA3276DA57E0029F2B9 /* Controllers */ = {
			isa = PBXGroup;
			children = (
				229D6E7B276C2BA900583DB5 /* DetailViewController.swift */,
				229D6E5D276C0CED00583DB5 /* ViewController.swift */,
				22FC651C276C600800A7A526 /* TypesViewController.swift */,
				229724CE27727410002B050D /* StrategyViewController.swift */,
				2289655D2772D4CE002CC2DE /* PokemonViewController.swift */,
			);
			path = Controllers;
			sourceTree = "<group>";
		};
		22DF69B92795DEDE00544587 /* Services */ = {
			isa = PBXGroup;
			children = (
				22DF69BA2795DEF300544587 /* NetworkManager.swift */,
				22DF69BF2795F14900544587 /* Box.swift */,
				2238FECF279791F200B165AD /* BarCharValueFormatter.swift */,
				2238FED127979E4400B165AD /* BarChartXAxisFormatter.swift */,
			);
			path = Services;
			sourceTree = "<group>";
		};
		22DF69BC2795E92300544587 /* ViewModels */ = {
			isa = PBXGroup;
			children = (
				22DF69BD2795E92F00544587 /* PokemonViewModel.swift */,
				22DF69C12795F74600544587 /* TypeViewModel.swift */,
			);
			path = ViewModels;
			sourceTree = "<group>";
		};
/* End PBXGroup section */

/* Begin PBXNativeTarget section */
		229D6E55276C0CED00583DB5 /* Pokemon Assistant */ = {
			isa = PBXNativeTarget;
			buildConfigurationList = 229D6E6A276C0CEE00583DB5 /* Build configuration list for PBXNativeTarget "Pokemon Assistant" */;
			buildPhases = (
				229D6E52276C0CED00583DB5 /* Sources */,
				229D6E53276C0CED00583DB5 /* Frameworks */,
				229D6E54276C0CED00583DB5 /* Resources */,
			);
			buildRules = (
			);
			dependencies = (
			);
			name = "Pokemon Assistant";
			packageProductDependencies = (
				22EDB9252770011D00A0C1F0 /* ColorKit */,
				229724A127705BA8002B050D /* Charts */,
			);
			productName = "Pokemon Assistant";
			productReference = 229D6E56276C0CED00583DB5 /* Pokemon Assistant.app */;
			productType = "com.apple.product-type.application";
		};
/* End PBXNativeTarget section */

/* Begin PBXProject section */
		229D6E4E276C0CED00583DB5 /* Project object */ = {
			isa = PBXProject;
			attributes = {
				BuildIndependentTargetsInParallel = 1;
				LastSwiftUpdateCheck = 1320;
				LastUpgradeCheck = 1320;
				TargetAttributes = {
					229D6E55276C0CED00583DB5 = {
						CreatedOnToolsVersion = 13.2;
					};
				};
			};
			buildConfigurationList = 229D6E51276C0CED00583DB5 /* Build configuration list for PBXProject "Pokemon Assistant" */;
			compatibilityVersion = "Xcode 13.0";
			developmentRegion = en;
			hasScannedForEncodings = 0;
			knownRegions = (
				en,
				Base,
			);
			mainGroup = 229D6E4D276C0CED00583DB5;
			packageReferences = (
				22EDB9242770011D00A0C1F0 /* XCRemoteSwiftPackageReference "ColorKit" */,
				229724A027705BA8002B050D /* XCRemoteSwiftPackageReference "Charts" */,
			);
			productRefGroup = 229D6E57276C0CED00583DB5 /* Products */;
			projectDirPath = "";
			projectRoot = "";
			targets = (
				229D6E55276C0CED00583DB5 /* Pokemon Assistant */,
			);
		};
/* End PBXProject section */

/* Begin PBXResourcesBuildPhase section */
		229D6E54276C0CED00583DB5 /* Resources */ = {
			isa = PBXResourcesBuildPhase;
			buildActionMask = 2147483647;
			files = (
				229D6E66276C0CEE00583DB5 /* LaunchScreen.storyboard in Resources */,
				229D6E63276C0CEE00583DB5 /* Assets.xcassets in Resources */,
				229D6E61276C0CED00583DB5 /* Main.storyboard in Resources */,
			);
			runOnlyForDeploymentPostprocessing = 0;
		};
/* End PBXResourcesBuildPhase section */

/* Begin PBXSourcesBuildPhase section */
		229D6E52276C0CED00583DB5 /* Sources */ = {
			isa = PBXSourcesBuildPhase;
			buildActionMask = 2147483647;
			files = (
				22DF69C02795F14900544587 /* Box.swift in Sources */,
				229D6E7C276C2BA900583DB5 /* DetailViewController.swift in Sources */,
				2238FED0279791F200B165AD /* BarCharValueFormatter.swift in Sources */,
				229724CF27727410002B050D /* StrategyViewController.swift in Sources */,
				22DF69BE2795E92F00544587 /* PokemonViewModel.swift in Sources */,
				22FC651D276C600800A7A526 /* TypesViewController.swift in Sources */,
				229D6E7A276C136A00583DB5 /* Pokemon.swift in Sources */,
				22DF69BB2795DEF300544587 /* NetworkManager.swift in Sources */,
				229D6E5E276C0CED00583DB5 /* ViewController.swift in Sources */,
				2238FED42797BA5B00B165AD /* StatBarChart.swift in Sources */,
				229D6E5A276C0CED00583DB5 /* AppDelegate.swift in Sources */,
				2289655E2772D4CE002CC2DE /* PokemonViewController.swift in Sources */,
				22DF69C22795F74600544587 /* TypeViewModel.swift in Sources */,
				228965602772E2EA002CC2DE /* PokemonStrategy.swift in Sources */,
				229D6E5C276C0CED00583DB5 /* SceneDelegate.swift in Sources */,
				229D6E72276C120600583DB5 /* Types.swift in Sources */,
				2238FED227979E4400B165AD /* BarChartXAxisFormatter.swift in Sources */,
			);
			runOnlyForDeploymentPostprocessing = 0;
		};
/* End PBXSourcesBuildPhase section */

/* Begin PBXVariantGroup section */
		229D6E5F276C0CED00583DB5 /* Main.storyboard */ = {
			isa = PBXVariantGroup;
			children = (
				229D6E60276C0CED00583DB5 /* Base */,
			);
			name = Main.storyboard;
			sourceTree = "<group>";
		};
		229D6E64276C0CEE00583DB5 /* LaunchScreen.storyboard */ = {
			isa = PBXVariantGroup;
			children = (
				229D6E65276C0CEE00583DB5 /* Base */,
			);
			name = LaunchScreen.storyboard;
			sourceTree = "<group>";
		};
/* End PBXVariantGroup section */

/* Begin XCBuildConfiguration section */
		229D6E68276C0CEE00583DB5 /* Debug */ = {
			isa = XCBuildConfiguration;
			buildSettings = {
				ALWAYS_SEARCH_USER_PATHS = NO;
				CLANG_ANALYZER_NONNULL = YES;
				CLANG_ANALYZER_NUMBER_OBJECT_CONVERSION = YES_AGGRESSIVE;
				CLANG_CXX_LANGUAGE_STANDARD = "gnu++17";
				CLANG_CXX_LIBRARY = "libc++";
				CLANG_ENABLE_MODULES = YES;
				CLANG_ENABLE_OBJC_ARC = YES;
				CLANG_ENABLE_OBJC_WEAK = YES;
				CLANG_WARN_BLOCK_CAPTURE_AUTORELEASING = YES;
				CLANG_WARN_BOOL_CONVERSION = YES;
				CLANG_WARN_COMMA = YES;
				CLANG_WARN_CONSTANT_CONVERSION = YES;
				CLANG_WARN_DEPRECATED_OBJC_IMPLEMENTATIONS = YES;
				CLANG_WARN_DIRECT_OBJC_ISA_USAGE = YES_ERROR;
				CLANG_WARN_DOCUMENTATION_COMMENTS = YES;
				CLANG_WARN_EMPTY_BODY = YES;
				CLANG_WARN_ENUM_CONVERSION = YES;
				CLANG_WARN_INFINITE_RECURSION = YES;
				CLANG_WARN_INT_CONVERSION = YES;
				CLANG_WARN_NON_LITERAL_NULL_CONVERSION = YES;
				CLANG_WARN_OBJC_IMPLICIT_RETAIN_SELF = YES;
				CLANG_WARN_OBJC_LITERAL_CONVERSION = YES;
				CLANG_WARN_OBJC_ROOT_CLASS = YES_ERROR;
				CLANG_WARN_QUOTED_INCLUDE_IN_FRAMEWORK_HEADER = YES;
				CLANG_WARN_RANGE_LOOP_ANALYSIS = YES;
				CLANG_WARN_STRICT_PROTOTYPES = YES;
				CLANG_WARN_SUSPICIOUS_MOVE = YES;
				CLANG_WARN_UNGUARDED_AVAILABILITY = YES_AGGRESSIVE;
				CLANG_WARN_UNREACHABLE_CODE = YES;
				CLANG_WARN__DUPLICATE_METHOD_MATCH = YES;
				COPY_PHASE_STRIP = NO;
				DEBUG_INFORMATION_FORMAT = dwarf;
				ENABLE_STRICT_OBJC_MSGSEND = YES;
				ENABLE_TESTABILITY = YES;
				GCC_C_LANGUAGE_STANDARD = gnu11;
				GCC_DYNAMIC_NO_PIC = NO;
				GCC_NO_COMMON_BLOCKS = YES;
				GCC_OPTIMIZATION_LEVEL = 0;
				GCC_PREPROCESSOR_DEFINITIONS = (
					"DEBUG=1",
					"$(inherited)",
				);
				GCC_WARN_64_TO_32_BIT_CONVERSION = YES;
				GCC_WARN_ABOUT_RETURN_TYPE = YES_ERROR;
				GCC_WARN_UNDECLARED_SELECTOR = YES;
				GCC_WARN_UNINITIALIZED_AUTOS = YES_AGGRESSIVE;
				GCC_WARN_UNUSED_FUNCTION = YES;
				GCC_WARN_UNUSED_VARIABLE = YES;
				IPHONEOS_DEPLOYMENT_TARGET = 15.2;
				MTL_ENABLE_DEBUG_INFO = INCLUDE_SOURCE;
				MTL_FAST_MATH = YES;
				ONLY_ACTIVE_ARCH = YES;
				SDKROOT = iphoneos;
				SWIFT_ACTIVE_COMPILATION_CONDITIONS = DEBUG;
				SWIFT_OPTIMIZATION_LEVEL = "-Onone";
			};
			name = Debug;
		};
		229D6E69276C0CEE00583DB5 /* Release */ = {
			isa = XCBuildConfiguration;
			buildSettings = {
				ALWAYS_SEARCH_USER_PATHS = NO;
				CLANG_ANALYZER_NONNULL = YES;
				CLANG_ANALYZER_NUMBER_OBJECT_CONVERSION = YES_AGGRESSIVE;
				CLANG_CXX_LANGUAGE_STANDARD = "gnu++17";
				CLANG_CXX_LIBRARY = "libc++";
				CLANG_ENABLE_MODULES = YES;
				CLANG_ENABLE_OBJC_ARC = YES;
				CLANG_ENABLE_OBJC_WEAK = YES;
				CLANG_WARN_BLOCK_CAPTURE_AUTORELEASING = YES;
				CLANG_WARN_BOOL_CONVERSION = YES;
				CLANG_WARN_COMMA = YES;
				CLANG_WARN_CONSTANT_CONVERSION = YES;
				CLANG_WARN_DEPRECATED_OBJC_IMPLEMENTATIONS = YES;
				CLANG_WARN_DIRECT_OBJC_ISA_USAGE = YES_ERROR;
				CLANG_WARN_DOCUMENTATION_COMMENTS = YES;
				CLANG_WARN_EMPTY_BODY = YES;
				CLANG_WARN_ENUM_CONVERSION = YES;
				CLANG_WARN_INFINITE_RECURSION = YES;
				CLANG_WARN_INT_CONVERSION = YES;
				CLANG_WARN_NON_LITERAL_NULL_CONVERSION = YES;
				CLANG_WARN_OBJC_IMPLICIT_RETAIN_SELF = YES;
				CLANG_WARN_OBJC_LITERAL_CONVERSION = YES;
				CLANG_WARN_OBJC_ROOT_CLASS = YES_ERROR;
				CLANG_WARN_QUOTED_INCLUDE_IN_FRAMEWORK_HEADER = YES;
				CLANG_WARN_RANGE_LOOP_ANALYSIS = YES;
				CLANG_WARN_STRICT_PROTOTYPES = YES;
				CLANG_WARN_SUSPICIOUS_MOVE = YES;
				CLANG_WARN_UNGUARDED_AVAILABILITY = YES_AGGRESSIVE;
				CLANG_WARN_UNREACHABLE_CODE = YES;
				CLANG_WARN__DUPLICATE_METHOD_MATCH = YES;
				COPY_PHASE_STRIP = NO;
				DEBUG_INFORMATION_FORMAT = "dwarf-with-dsym";
				ENABLE_NS_ASSERTIONS = NO;
				ENABLE_STRICT_OBJC_MSGSEND = YES;
				GCC_C_LANGUAGE_STANDARD = gnu11;
				GCC_NO_COMMON_BLOCKS = YES;
				GCC_WARN_64_TO_32_BIT_CONVERSION = YES;
				GCC_WARN_ABOUT_RETURN_TYPE = YES_ERROR;
				GCC_WARN_UNDECLARED_SELECTOR = YES;
				GCC_WARN_UNINITIALIZED_AUTOS = YES_AGGRESSIVE;
				GCC_WARN_UNUSED_FUNCTION = YES;
				GCC_WARN_UNUSED_VARIABLE = YES;
				IPHONEOS_DEPLOYMENT_TARGET = 15.2;
				MTL_ENABLE_DEBUG_INFO = NO;
				MTL_FAST_MATH = YES;
				SDKROOT = iphoneos;
				SWIFT_COMPILATION_MODE = wholemodule;
				SWIFT_OPTIMIZATION_LEVEL = "-O";
				VALIDATE_PRODUCT = YES;
			};
			name = Release;
		};
		229D6E6B276C0CEE00583DB5 /* Debug */ = {
			isa = XCBuildConfiguration;
			buildSettings = {
				ASSETCATALOG_COMPILER_APPICON_NAME = AppIcon;
				ASSETCATALOG_COMPILER_GLOBAL_ACCENT_COLOR_NAME = AccentColor;
				CODE_SIGN_STYLE = Automatic;
				CURRENT_PROJECT_VERSION = 1;
				DEVELOPMENT_TEAM = 89JNN3239D;
				GENERATE_INFOPLIST_FILE = YES;
				INFOPLIST_FILE = "Pokemon Assistant/Info.plist";
				INFOPLIST_KEY_UIApplicationSupportsIndirectInputEvents = YES;
				INFOPLIST_KEY_UILaunchStoryboardName = LaunchScreen;
				INFOPLIST_KEY_UIMainStoryboardFile = Main;
				INFOPLIST_KEY_UISupportedInterfaceOrientations = "UIInterfaceOrientationPortrait UIInterfaceOrientationPortraitUpsideDown";
				INFOPLIST_KEY_UISupportedInterfaceOrientations_iPad = "UIInterfaceOrientationPortrait UIInterfaceOrientationPortraitUpsideDown UIInterfaceOrientationLandscapeLeft UIInterfaceOrientationLandscapeRight";
				INFOPLIST_KEY_UISupportedInterfaceOrientations_iPhone = "UIInterfaceOrientationPortrait UIInterfaceOrientationLandscapeLeft UIInterfaceOrientationLandscapeRight";
				LD_RUNPATH_SEARCH_PATHS = (
					"$(inherited)",
					"@executable_path/Frameworks",
				);
				MARKETING_VERSION = 1.0;
				PRODUCT_BUNDLE_IDENTIFIER = "com.timbausch.Pokemon-Assistant";
				PRODUCT_NAME = "$(TARGET_NAME)";
				SWIFT_EMIT_LOC_STRINGS = YES;
				SWIFT_VERSION = 5.0;
				TARGETED_DEVICE_FAMILY = "1,2";
			};
			name = Debug;
		};
		229D6E6C276C0CEE00583DB5 /* Release */ = {
			isa = XCBuildConfiguration;
			buildSettings = {
				ASSETCATALOG_COMPILER_APPICON_NAME = AppIcon;
				ASSETCATALOG_COMPILER_GLOBAL_ACCENT_COLOR_NAME = AccentColor;
				CODE_SIGN_STYLE = Automatic;
				CURRENT_PROJECT_VERSION = 1;
				DEVELOPMENT_TEAM = 89JNN3239D;
				GENERATE_INFOPLIST_FILE = YES;
				INFOPLIST_FILE = "Pokemon Assistant/Info.plist";
				INFOPLIST_KEY_UIApplicationSupportsIndirectInputEvents = YES;
				INFOPLIST_KEY_UILaunchStoryboardName = LaunchScreen;
				INFOPLIST_KEY_UIMainStoryboardFile = Main;
				INFOPLIST_KEY_UISupportedInterfaceOrientations = "UIInterfaceOrientationPortrait UIInterfaceOrientationPortraitUpsideDown";
				INFOPLIST_KEY_UISupportedInterfaceOrientations_iPad = "UIInterfaceOrientationPortrait UIInterfaceOrientationPortraitUpsideDown UIInterfaceOrientationLandscapeLeft UIInterfaceOrientationLandscapeRight";
				INFOPLIST_KEY_UISupportedInterfaceOrientations_iPhone = "UIInterfaceOrientationPortrait UIInterfaceOrientationLandscapeLeft UIInterfaceOrientationLandscapeRight";
				LD_RUNPATH_SEARCH_PATHS = (
					"$(inherited)",
					"@executable_path/Frameworks",
				);
				MARKETING_VERSION = 1.0;
				PRODUCT_BUNDLE_IDENTIFIER = "com.timbausch.Pokemon-Assistant";
				PRODUCT_NAME = "$(TARGET_NAME)";
				SWIFT_EMIT_LOC_STRINGS = YES;
				SWIFT_VERSION = 5.0;
				TARGETED_DEVICE_FAMILY = "1,2";
			};
			name = Release;
		};
/* End XCBuildConfiguration section */

/* Begin XCConfigurationList section */
		229D6E51276C0CED00583DB5 /* Build configuration list for PBXProject "Pokemon Assistant" */ = {
			isa = XCConfigurationList;
			buildConfigurations = (
				229D6E68276C0CEE00583DB5 /* Debug */,
				229D6E69276C0CEE00583DB5 /* Release */,
			);
			defaultConfigurationIsVisible = 0;
			defaultConfigurationName = Release;
		};
		229D6E6A276C0CEE00583DB5 /* Build configuration list for PBXNativeTarget "Pokemon Assistant" */ = {
			isa = XCConfigurationList;
			buildConfigurations = (
				229D6E6B276C0CEE00583DB5 /* Debug */,
				229D6E6C276C0CEE00583DB5 /* Release */,
			);
			defaultConfigurationIsVisible = 0;
			defaultConfigurationName = Release;
		};
/* End XCConfigurationList section */

/* Begin XCRemoteSwiftPackageReference section */
		229724A027705BA8002B050D /* XCRemoteSwiftPackageReference "Charts" */ = {
			isa = XCRemoteSwiftPackageReference;
			repositoryURL = "https://github.com/danielgindi/Charts.git";
			requirement = {
				kind = upToNextMajorVersion;
				minimumVersion = 3.0.0;
			};
		};
		22EDB9242770011D00A0C1F0 /* XCRemoteSwiftPackageReference "ColorKit" */ = {
			isa = XCRemoteSwiftPackageReference;
			repositoryURL = "https://github.com/Boris-Em/ColorKit.git";
			requirement = {
				branch = master;
				kind = branch;
			};
		};
/* End XCRemoteSwiftPackageReference section */

/* Begin XCSwiftPackageProductDependency section */
		229724A127705BA8002B050D /* Charts */ = {
			isa = XCSwiftPackageProductDependency;
			package = 229724A027705BA8002B050D /* XCRemoteSwiftPackageReference "Charts" */;
			productName = Charts;
		};
		22EDB9252770011D00A0C1F0 /* ColorKit */ = {
			isa = XCSwiftPackageProductDependency;
			package = 22EDB9242770011D00A0C1F0 /* XCRemoteSwiftPackageReference "ColorKit" */;
			productName = ColorKit;
		};
/* End XCSwiftPackageProductDependency section */
	};
	rootObject = 229D6E4E276C0CED00583DB5 /* Project object */;
}
